
Microsoft Visual Studio Solution File, Format Version 12.00
# Visual Studio 2013
Project("{FAE04EC0-301F-11D3-BF4B-00C04F79EFBC}") = "Warmage.CSharp", "Warmage.CSharp.csproj", "{699D3C7E-A744-2B4A-9796-0C90D81719FD}"
EndProject
Global
	GlobalSection(SolutionConfigurationPlatforms) = preSolution
		Debug|Any CPU = Debug|Any CPU
		Release|Any CPU = Release|Any CPU
	EndGlobalSection
	GlobalSection(ProjectConfigurationPlatforms) = postSolution
		{699D3C7E-A744-2B4A-9796-0C90D81719FD}.Debug|Any CPU.ActiveCfg = Debug|Any CPU
		{699D3C7E-A744-2B4A-9796-0C90D81719FD}.Debug|Any CPU.Build.0 = Debug|Any CPU
		{699D3C7E-A744-2B4A-9796-0C90D81719FD}.Release|Any CPU.ActiveCfg = Release|Any CPU
		{699D3C7E-A744-2B4A-9796-0C90D81719FD}.Release|Any CPU.Build.0 = Release|Any CPU
	EndGlobalSection
	GlobalSection(SolutionProperties) = preSolution
		HideSolutionNode = FALSE
	EndGlobalSection
EndGlobal
